
Microsoft Visual Studio Solution File, Format Version 12.00
# Visual Studio 15
VisualStudioVersion = 15.0.28307.329
MinimumVisualStudioVersion = 10.0.40219.1
Project("{151D2E53-A2C4-4D7D-83FE-D05416EBD58E}") = "WebApp", "WebApp\WebApp.deployproj", "{061A2F74-89AF-462A-B994-732D6D92474D}"
EndProject
Global
	GlobalSection(SolutionConfigurationPlatforms) = preSolution
		Debug|Any CPU = Debug|Any CPU
		Release|Any CPU = Release|Any CPU
	EndGlobalSection
	GlobalSection(ProjectConfigurationPlatforms) = postSolution
		{061A2F74-89AF-462A-B994-732D6D92474D}.Debug|Any CPU.ActiveCfg = Debug|Any CPU
		{061A2F74-89AF-462A-B994-732D6D92474D}.Debug|Any CPU.Build.0 = Debug|Any CPU
		{061A2F74-89AF-462A-B994-732D6D92474D}.Release|Any CPU.ActiveCfg = Release|Any CPU
		{061A2F74-89AF-462A-B994-732D6D92474D}.Release|Any CPU.Build.0 = Release|Any CPU
	EndGlobalSection
	GlobalSection(SolutionProperties) = preSolution
		HideSolutionNode = FALSE
	EndGlobalSection
	GlobalSection(ExtensibilityGlobals) = postSolution
		SolutionGuid = {5ABE88AD-4582-434B-B4EB-CA95772EC9D1}
	EndGlobalSection
EndGlobal
